// !$*UTF8*$!
{
	archiveVersion = 1;
	classes = {
	};
	objectVersion = 50;
	objects = {

/* Begin PBXBuildFile section */
		106DC61925C95E23005695F3 /* AppDelegate.swift in Sources */ = {isa = PBXBuildFile; fileRef = 106DC61825C95E23005695F3 /* AppDelegate.swift */; };
		106DC61B25C95E23005695F3 /* SceneDelegate.swift in Sources */ = {isa = PBXBuildFile; fileRef = 106DC61A25C95E23005695F3 /* SceneDelegate.swift */; };
		106DC61D25C95E23005695F3 /* ViewController.swift in Sources */ = {isa = PBXBuildFile; fileRef = 106DC61C25C95E23005695F3 /* ViewController.swift */; };
		106DC62025C95E23005695F3 /* Main.storyboard in Resources */ = {isa = PBXBuildFile; fileRef = 106DC61E25C95E23005695F3 /* Main.storyboard */; };
		106DC62225C95E25005695F3 /* Assets.xcassets in Resources */ = {isa = PBXBuildFile; fileRef = 106DC62125C95E25005695F3 /* Assets.xcassets */; };
		106DC62525C95E25005695F3 /* LaunchScreen.storyboard in Resources */ = {isa = PBXBuildFile; fileRef = 106DC62325C95E25005695F3 /* LaunchScreen.storyboard */; };
		106DC62E25C967CF005695F3 /* MyButton.swift in Sources */ = {isa = PBXBuildFile; fileRef = 106DC62D25C967CF005695F3 /* MyButton.swift */; };
		106DC63125C981BF005695F3 /* GameViewController.swift in Sources */ = {isa = PBXBuildFile; fileRef = 106DC63025C981BF005695F3 /* GameViewController.swift */; };
		106DC63425C98E60005695F3 /* ResultTableViewController.swift in Sources */ = {isa = PBXBuildFile; fileRef = 106DC63325C98E60005695F3 /* ResultTableViewController.swift */; };
		106DC63725C991B3005695F3 /* ResultTableViewCell.swift in Sources */ = {isa = PBXBuildFile; fileRef = 106DC63625C991B3005695F3 /* ResultTableViewCell.swift */; };
		106DC64325C99607005695F3 /* ChangeCarCollectionViewController.swift in Sources */ = {isa = PBXBuildFile; fileRef = 106DC64225C99607005695F3 /* ChangeCarCollectionViewController.swift */; };
		106DC64625C9962F005695F3 /* ChangeCarCollectionViewCell.swift in Sources */ = {isa = PBXBuildFile; fileRef = 106DC64525C9962F005695F3 /* ChangeCarCollectionViewCell.swift */; };
/* End PBXBuildFile section */

/* Begin PBXFileReference section */
		106DC61525C95E23005695F3 /* GoRacingShitov.app */ = {isa = PBXFileReference; explicitFileType = wrapper.application; includeInIndex = 0; path = GoRacingShitov.app; sourceTree = BUILT_PRODUCTS_DIR; };
		106DC61825C95E23005695F3 /* AppDelegate.swift */ = {isa = PBXFileReference; lastKnownFileType = sourcecode.swift; path = AppDelegate.swift; sourceTree = "<group>"; };
		106DC61A25C95E23005695F3 /* SceneDelegate.swift */ = {isa = PBXFileReference; lastKnownFileType = sourcecode.swift; path = SceneDelegate.swift; sourceTree = "<group>"; };
		106DC61C25C95E23005695F3 /* ViewController.swift */ = {isa = PBXFileReference; lastKnownFileType = sourcecode.swift; path = ViewController.swift; sourceTree = "<group>"; };
		106DC61F25C95E23005695F3 /* Base */ = {isa = PBXFileReference; lastKnownFileType = file.storyboard; name = Base; path = Base.lproj/Main.storyboard; sourceTree = "<group>"; };
		106DC62125C95E25005695F3 /* Assets.xcassets */ = {isa = PBXFileReference; lastKnownFileType = folder.assetcatalog; path = Assets.xcassets; sourceTree = "<group>"; };
		106DC62425C95E25005695F3 /* Base */ = {isa = PBXFileReference; lastKnownFileType = file.storyboard; name = Base; path = Base.lproj/LaunchScreen.storyboard; sourceTree = "<group>"; };
		106DC62625C95E25005695F3 /* Info.plist */ = {isa = PBXFileReference; lastKnownFileType = text.plist.xml; path = Info.plist; sourceTree = "<group>"; };
		106DC62D25C967CF005695F3 /* MyButton.swift */ = {isa = PBXFileReference; lastKnownFileType = sourcecode.swift; path = MyButton.swift; sourceTree = "<group>"; };
		106DC63025C981BF005695F3 /* GameViewController.swift */ = {isa = PBXFileReference; lastKnownFileType = sourcecode.swift; path = GameViewController.swift; sourceTree = "<group>"; };
		106DC63325C98E60005695F3 /* ResultTableViewController.swift */ = {isa = PBXFileReference; lastKnownFileType = sourcecode.swift; path = ResultTableViewController.swift; sourceTree = "<group>"; };
		106DC63625C991B3005695F3 /* ResultTableViewCell.swift */ = {isa = PBXFileReference; lastKnownFileType = sourcecode.swift; path = ResultTableViewCell.swift; sourceTree = "<group>"; };
		106DC64225C99607005695F3 /* ChangeCarCollectionViewController.swift */ = {isa = PBXFileReference; lastKnownFileType = sourcecode.swift; path = ChangeCarCollectionViewController.swift; sourceTree = "<group>"; };
		106DC64525C9962F005695F3 /* ChangeCarCollectionViewCell.swift */ = {isa = PBXFileReference; lastKnownFileType = sourcecode.swift; path = ChangeCarCollectionViewCell.swift; sourceTree = "<group>"; };
/* End PBXFileReference section */

/* Begin PBXFrameworksBuildPhase section */
		106DC61225C95E23005695F3 /* Frameworks */ = {
			isa = PBXFrameworksBuildPhase;
			buildActionMask = 2147483647;
			files = (
			);
			runOnlyForDeploymentPostprocessing = 0;
		};
/* End PBXFrameworksBuildPhase section */

/* Begin PBXGroup section */
		106DC60C25C95E23005695F3 = {
			isa = PBXGroup;
			children = (
				106DC61725C95E23005695F3 /* GoRacingShitov */,
				106DC61625C95E23005695F3 /* Products */,
			);
			sourceTree = "<group>";
		};
		106DC61625C95E23005695F3 /* Products */ = {
			isa = PBXGroup;
			children = (
				106DC61525C95E23005695F3 /* GoRacingShitov.app */,
			);
			name = Products;
			sourceTree = "<group>";
		};
		106DC61725C95E23005695F3 /* GoRacingShitov */ = {
			isa = PBXGroup;
			children = (
				106DC61825C95E23005695F3 /* AppDelegate.swift */,
				106DC61A25C95E23005695F3 /* SceneDelegate.swift */,
				106DC61C25C95E23005695F3 /* ViewController.swift */,
				106DC61E25C95E23005695F3 /* Main.storyboard */,
				106DC64525C9962F005695F3 /* ChangeCarCollectionViewCell.swift */,
				106DC64225C99607005695F3 /* ChangeCarCollectionViewController.swift */,
				106DC63325C98E60005695F3 /* ResultTableViewController.swift */,
				106DC63625C991B3005695F3 /* ResultTableViewCell.swift */,
				106DC63025C981BF005695F3 /* GameViewController.swift */,
				106DC62D25C967CF005695F3 /* MyButton.swift */,
				106DC62125C95E25005695F3 /* Assets.xcassets */,
				106DC62325C95E25005695F3 /* LaunchScreen.storyboard */,
				106DC62625C95E25005695F3 /* Info.plist */,
			);
			path = GoRacingShitov;
			sourceTree = "<group>";
		};
/* End PBXGroup section */

/* Begin PBXNativeTarget section */
		106DC61425C95E23005695F3 /* GoRacingShitov */ = {
			isa = PBXNativeTarget;
			buildConfigurationList = 106DC62925C95E25005695F3 /* Build configuration list for PBXNativeTarget "GoRacingShitov" */;
			buildPhases = (
				106DC61125C95E23005695F3 /* Sources */,
				106DC61225C95E23005695F3 /* Frameworks */,
				106DC61325C95E23005695F3 /* Resources */,
			);
			buildRules = (
			);
			dependencies = (
			);
			name = GoRacingShitov;
			productName = GoRacingShitov;
			productReference = 106DC61525C95E23005695F3 /* GoRacingShitov.app */;
			productType = "com.apple.product-type.application";
		};
/* End PBXNativeTarget section */

/* Begin PBXProject section */
		106DC60D25C95E23005695F3 /* Project object */ = {
			isa = PBXProject;
			attributes = {
				LastSwiftUpdateCheck = 1240;
				LastUpgradeCheck = 1240;
				TargetAttributes = {
					106DC61425C95E23005695F3 = {
						CreatedOnToolsVersion = 12.4;
					};
				};
			};
			buildConfigurationList = 106DC61025C95E23005695F3 /* Build configuration list for PBXProject "GoRacingShitov" */;
			compatibilityVersion = "Xcode 9.3";
			developmentRegion = en;
			hasScannedForEncodings = 0;
			knownRegions = (
				en,
				Base,
			);
			mainGroup = 106DC60C25C95E23005695F3;
			productRefGroup = 106DC61625C95E23005695F3 /* Products */;
			projectDirPath = "";
			projectRoot = "";
			targets = (
				106DC61425C95E23005695F3 /* GoRacingShitov */,
			);
		};
/* End PBXProject section */

/* Begin PBXResourcesBuildPhase section */
		106DC61325C95E23005695F3 /* Resources */ = {
			isa = PBXResourcesBuildPhase;
			buildActionMask = 2147483647;
			files = (
				106DC62525C95E25005695F3 /* LaunchScreen.storyboard in Resources */,
				106DC62225C95E25005695F3 /* Assets.xcassets in Resources */,
				106DC62025C95E23005695F3 /* Main.storyboard in Resources */,
			);
			runOnlyForDeploymentPostprocessing = 0;
		};
/* End PBXResourcesBuildPhase section */

/* Begin PBXSourcesBuildPhase section */
		106DC61125C95E23005695F3 /* Sources */ = {
			isa = PBXSourcesBuildPhase;
			buildActionMask = 2147483647;
			files = (
				106DC63125C981BF005695F3 /* GameViewController.swift in Sources */,
				106DC64325C99607005695F3 /* ChangeCarCollectionViewController.swift in Sources */,
				106DC61D25C95E23005695F3 /* ViewController.swift in Sources */,
				106DC63725C991B3005695F3 /* ResultTableViewCell.swift in Sources */,
				106DC63425C98E60005695F3 /* ResultTableViewController.swift in Sources */,
				106DC61925C95E23005695F3 /* AppDelegate.swift in Sources */,
				106DC61B25C95E23005695F3 /* SceneDelegate.swift in Sources */,
				106DC62E25C967CF005695F3 /* MyButton.swift in Sources */,
				106DC64625C9962F005695F3 /* ChangeCarCollectionViewCell.swift in Sources */,
			);
			runOnlyForDeploymentPostprocessing = 0;
		};
/* End PBXSourcesBuildPhase section */

/* Begin PBXVariantGroup section */
		106DC61E25C95E23005695F3 /* Main.storyboard */ = {
			isa = PBXVariantGroup;
			children = (
				106DC61F25C95E23005695F3 /* Base */,
			);
			name = Main.storyboard;
			sourceTree = "<group>";
		};
		106DC62325C95E25005695F3 /* LaunchScreen.storyboard */ = {
			isa = PBXVariantGroup;
			children = (
				106DC62425C95E25005695F3 /* Base */,
			);
			name = LaunchScreen.storyboard;
			sourceTree = "<group>";
		};
/* End PBXVariantGroup section */

/* Begin XCBuildConfiguration section */
		106DC62725C95E25005695F3 /* Debug */ = {
			isa = XCBuildConfiguration;
			buildSettings = {
				ALWAYS_SEARCH_USER_PATHS = NO;
				CLANG_ANALYZER_NONNULL = YES;
				CLANG_ANALYZER_NUMBER_OBJECT_CONVERSION = YES_AGGRESSIVE;
				CLANG_CXX_LANGUAGE_STANDARD = "gnu++14";
				CLANG_CXX_LIBRARY = "libc++";
				CLANG_ENABLE_MODULES = YES;
				CLANG_ENABLE_OBJC_ARC = YES;
				CLANG_ENABLE_OBJC_WEAK = YES;
				CLANG_WARN_BLOCK_CAPTURE_AUTORELEASING = YES;
				CLANG_WARN_BOOL_CONVERSION = YES;
				CLANG_WARN_COMMA = YES;
				CLANG_WARN_CONSTANT_CONVERSION = YES;
				CLANG_WARN_DEPRECATED_OBJC_IMPLEMENTATIONS = YES;
				CLANG_WARN_DIRECT_OBJC_ISA_USAGE = YES_ERROR;
				CLANG_WARN_DOCUMENTATION_COMMENTS = YES;
				CLANG_WARN_EMPTY_BODY = YES;
				CLANG_WARN_ENUM_CONVERSION = YES;
				CLANG_WARN_INFINITE_RECURSION = YES;
				CLANG_WARN_INT_CONVERSION = YES;
				CLANG_WARN_NON_LITERAL_NULL_CONVERSION = YES;
				CLANG_WARN_OBJC_IMPLICIT_RETAIN_SELF = YES;
				CLANG_WARN_OBJC_LITERAL_CONVERSION = YES;
				CLANG_WARN_OBJC_ROOT_CLASS = YES_ERROR;
				CLANG_WARN_QUOTED_INCLUDE_IN_FRAMEWORK_HEADER = YES;
				CLANG_WARN_RANGE_LOOP_ANALYSIS = YES;
				CLANG_WARN_STRICT_PROTOTYPES = YES;
				CLANG_WARN_SUSPICIOUS_MOVE = YES;
				CLANG_WARN_UNGUARDED_AVAILABILITY = YES_AGGRESSIVE;
				CLANG_WARN_UNREACHABLE_CODE = YES;
				CLANG_WARN__DUPLICATE_METHOD_MATCH = YES;
				COPY_PHASE_STRIP = NO;
				DEBUG_INFORMATION_FORMAT = dwarf;
				ENABLE_STRICT_OBJC_MSGSEND = YES;
				ENABLE_TESTABILITY = YES;
				GCC_C_LANGUAGE_STANDARD = gnu11;
				GCC_DYNAMIC_NO_PIC = NO;
				GCC_NO_COMMON_BLOCKS = YES;
				GCC_OPTIMIZATION_LEVEL = 0;
				GCC_PREPROCESSOR_DEFINITIONS = (
					"DEBUG=1",
					"$(inherited)",
				);
				GCC_WARN_64_TO_32_BIT_CONVERSION = YES;
				GCC_WARN_ABOUT_RETURN_TYPE = YES_ERROR;
				GCC_WARN_UNDECLARED_SELECTOR = YES;
				GCC_WARN_UNINITIALIZED_AUTOS = YES_AGGRESSIVE;
				GCC_WARN_UNUSED_FUNCTION = YES;
				GCC_WARN_UNUSED_VARIABLE = YES;
				IPHONEOS_DEPLOYMENT_TARGET = 14.4;
				MTL_ENABLE_DEBUG_INFO = INCLUDE_SOURCE;
				MTL_FAST_MATH = YES;
				ONLY_ACTIVE_ARCH = YES;
				SDKROOT = iphoneos;
				SWIFT_ACTIVE_COMPILATION_CONDITIONS = DEBUG;
				SWIFT_OPTIMIZATION_LEVEL = "-Onone";
			};
			name = Debug;
		};
		106DC62825C95E25005695F3 /* Release */ = {
			isa = XCBuildConfiguration;
			buildSettings = {
				ALWAYS_SEARCH_USER_PATHS = NO;
				CLANG_ANALYZER_NONNULL = YES;
				CLANG_ANALYZER_NUMBER_OBJECT_CONVERSION = YES_AGGRESSIVE;
				CLANG_CXX_LANGUAGE_STANDARD = "gnu++14";
				CLANG_CXX_LIBRARY = "libc++";
				CLANG_ENABLE_MODULES = YES;
				CLANG_ENABLE_OBJC_ARC = YES;
				CLANG_ENABLE_OBJC_WEAK = YES;
				CLANG_WARN_BLOCK_CAPTURE_AUTORELEASING = YES;
				CLANG_WARN_BOOL_CONVERSION = YES;
				CLANG_WARN_COMMA = YES;
				CLANG_WARN_CONSTANT_CONVERSION = YES;
				CLANG_WARN_DEPRECATED_OBJC_IMPLEMENTATIONS = YES;
				CLANG_WARN_DIRECT_OBJC_ISA_USAGE = YES_ERROR;
				CLANG_WARN_DOCUMENTATION_COMMENTS = YES;
				CLANG_WARN_EMPTY_BODY = YES;
				CLANG_WARN_ENUM_CONVERSION = YES;
				CLANG_WARN_INFINITE_RECURSION = YES;
				CLANG_WARN_INT_CONVERSION = YES;
				CLANG_WARN_NON_LITERAL_NULL_CONVERSION = YES;
				CLANG_WARN_OBJC_IMPLICIT_RETAIN_SELF = YES;
				CLANG_WARN_OBJC_LITERAL_CONVERSION = YES;
				CLANG_WARN_OBJC_ROOT_CLASS = YES_ERROR;
				CLANG_WARN_QUOTED_INCLUDE_IN_FRAMEWORK_HEADER = YES;
				CLANG_WARN_RANGE_LOOP_ANALYSIS = YES;
				CLANG_WARN_STRICT_PROTOTYPES = YES;
				CLANG_WARN_SUSPICIOUS_MOVE = YES;
				CLANG_WARN_UNGUARDED_AVAILABILITY = YES_AGGRESSIVE;
				CLANG_WARN_UNREACHABLE_CODE = YES;
				CLANG_WARN__DUPLICATE_METHOD_MATCH = YES;
				COPY_PHASE_STRIP = NO;
				DEBUG_INFORMATION_FORMAT = "dwarf-with-dsym";
				ENABLE_NS_ASSERTIONS = NO;
				ENABLE_STRICT_OBJC_MSGSEND = YES;
				GCC_C_LANGUAGE_STANDARD = gnu11;
				GCC_NO_COMMON_BLOCKS = YES;
				GCC_WARN_64_TO_32_BIT_CONVERSION = YES;
				GCC_WARN_ABOUT_RETURN_TYPE = YES_ERROR;
				GCC_WARN_UNDECLARED_SELECTOR = YES;
				GCC_WARN_UNINITIALIZED_AUTOS = YES_AGGRESSIVE;
				GCC_WARN_UNUSED_FUNCTION = YES;
				GCC_WARN_UNUSED_VARIABLE = YES;
				IPHONEOS_DEPLOYMENT_TARGET = 14.4;
				MTL_ENABLE_DEBUG_INFO = NO;
				MTL_FAST_MATH = YES;
				SDKROOT = iphoneos;
				SWIFT_COMPILATION_MODE = wholemodule;
				SWIFT_OPTIMIZATION_LEVEL = "-O";
				VALIDATE_PRODUCT = YES;
			};
			name = Release;
		};
		106DC62A25C95E25005695F3 /* Debug */ = {
			isa = XCBuildConfiguration;
			buildSettings = {
				ASSETCATALOG_COMPILER_APPICON_NAME = AppIcon;
				ASSETCATALOG_COMPILER_GLOBAL_ACCENT_COLOR_NAME = AccentColor;
				CODE_SIGN_STYLE = Automatic;
				INFOPLIST_FILE = GoRacingShitov/Info.plist;
				LD_RUNPATH_SEARCH_PATHS = (
					"$(inherited)",
					"@executable_path/Frameworks",
				);
				PRODUCT_BUNDLE_IDENTIFIER = ru.kuznetsovka.GoRacingShitov;
				PRODUCT_NAME = "$(TARGET_NAME)";
				SWIFT_VERSION = 5.0;
				TARGETED_DEVICE_FAMILY = "1,2";
			};
			name = Debug;
		};
		106DC62B25C95E25005695F3 /* Release */ = {
			isa = XCBuildConfiguration;
			buildSettings = {
				ASSETCATALOG_COMPILER_APPICON_NAME = AppIcon;
				ASSETCATALOG_COMPILER_GLOBAL_ACCENT_COLOR_NAME = AccentColor;
				CODE_SIGN_STYLE = Automatic;
				INFOPLIST_FILE = GoRacingShitov/Info.plist;
				LD_RUNPATH_SEARCH_PATHS = (
					"$(inherited)",
					"@executable_path/Frameworks",
				);
				PRODUCT_BUNDLE_IDENTIFIER = ru.kuznetsovka.GoRacingShitov;
				PRODUCT_NAME = "$(TARGET_NAME)";
				SWIFT_VERSION = 5.0;
				TARGETED_DEVICE_FAMILY = "1,2";
			};
			name = Release;
		};
/* End XCBuildConfiguration section */

/* Begin XCConfigurationList section */
		106DC61025C95E23005695F3 /* Build configuration list for PBXProject "GoRacingShitov" */ = {
			isa = XCConfigurationList;
			buildConfigurations = (
				106DC62725C95E25005695F3 /* Debug */,
				106DC62825C95E25005695F3 /* Release */,
			);
			defaultConfigurationIsVisible = 0;
			defaultConfigurationName = Release;
		};
		106DC62925C95E25005695F3 /* Build configuration list for PBXNativeTarget "GoRacingShitov" */ = {
			isa = XCConfigurationList;
			buildConfigurations = (
				106DC62A25C95E25005695F3 /* Debug */,
				106DC62B25C95E25005695F3 /* Release */,
			);
			defaultConfigurationIsVisible = 0;
			defaultConfigurationName = Release;
		};
/* End XCConfigurationList section */
	};
	rootObject = 106DC60D25C95E23005695F3 /* Project object */;
}
